{
  "name": "titus-bot",
  "version": "0.1.0",
  "lockfileVersion": 3,
  "requires": true,
  "packages": {
    "": {
      "name": "titus-bot",
      "version": "0.1.0",
      "license": "ISC",
      "dependencies": {
        "@titorelli/client": "^5.2.4",
        "@titorelli/telemetry-client": "^10.1.1",
        "dotenv": "^17.2.3",
        "envalid": "^8.1.0",
        "pino": "^10.0.0",
        "pino-pretty": "^13.1.1",
        "reactive-poller": "^4.1.3",
        "telegraf": "^4.16.3"
      },
      "devDependencies": {
        "@types/node": "^24.6.2",
        "@vercel/ncc": "^0.38.4",
        "npm-check-updates": "^19.0.0",
        "ts-node": "^10.9.2",
        "typescript": "^5.9.3"
      }
    },
    "node_modules/@cdellacqua/signals": {
      "version": "5.0.4",
      "resolved": "https://registry.npmjs.org/@cdellacqua/signals/-/signals-5.0.4.tgz",
      "integrity": "sha512-BPYDGNWJmshMvGKJRTSTwl73498ZEm0mqoIPNqGjP0+ZSJ/fczHELBn5+udz8DQ2a44+jeHHB1QihjUSsowiqA=="
    },
    "node_modules/@cdellacqua/sleep": {
      "version": "6.0.1",
      "resolved": "https://registry.npmjs.org/@cdellacqua/sleep/-/sleep-6.0.1.tgz",
      "integrity": "sha512-o7pokYnQ7eE7PO4bv3jCkmfscMrzscbUO5IqJyMBAU7uQaRpLO2iKrw/F1j+7c2L/H5X+GAypexRHBrDYYWO/A=="
    },
    "node_modules/@cspotcode/source-map-support": {
      "version": "0.8.1",
      "resolved": "https://registry.npmjs.org/@cspotcode/source-map-support/-/source-map-support-0.8.1.tgz",
      "integrity": "sha512-IchNf6dN4tHoMFIn/7OE8LWZ19Y6q/67Bmf6vnGREv8RSbBVb9LPJxEcnwrcwX6ixSvaiGoomAUvu4YSxXrVgw==",
      "dev": true,
      "license": "MIT",
      "dependencies": {
        "@jridgewell/trace-mapping": "0.3.9"
      },
      "engines": {
        "node": ">=12"
      }
    },
    "node_modules/@grammyjs/types": {
      "version": "3.22.1",
      "resolved": "https://registry.npmjs.org/@grammyjs/types/-/types-3.22.1.tgz",
      "integrity": "sha512-QJX0Y8lpjE+/nuTKGmxybKmvdrLHV7gqbhI/UXoWlJLWtowbwk+oW+ngfHKwegD+ewL2SX8+tQo/1E14Ma0qlw==",
      "license": "MIT"
    },
    "node_modules/@jridgewell/resolve-uri": {
      "version": "3.1.2",
      "resolved": "https://registry.npmjs.org/@jridgewell/resolve-uri/-/resolve-uri-3.1.2.tgz",
      "integrity": "sha512-bRISgCIjP20/tbWSPWMEi54QVPRZExkuD9lJL+UIxUKtwVJA8wW1Trb1jMs1RFXo1CBTNZ/5hpC9QvmKWdopKw==",
      "dev": true,
      "license": "MIT",
      "engines": {
        "node": ">=6.0.0"
      }
    },
    "node_modules/@jridgewell/sourcemap-codec": {
      "version": "1.5.5",
      "resolved": "https://registry.npmjs.org/@jridgewell/sourcemap-codec/-/sourcemap-codec-1.5.5.tgz",
      "integrity": "sha512-cYQ9310grqxueWbl+WuIUIaiUaDcj7WOq5fVhEljNVgRfOUhY9fy2zTvfoqWsnebh8Sl70VScFbICvJnLKB0Og==",
      "dev": true,
      "license": "MIT"
    },
    "node_modules/@jridgewell/trace-mapping": {
      "version": "0.3.9",
      "resolved": "https://registry.npmjs.org/@jridgewell/trace-mapping/-/trace-mapping-0.3.9.tgz",
      "integrity": "sha512-3Belt6tdc8bPgAtbcmdtNJlirVoTmEb5e2gC94PnkwEW9jI6CAHUeoG85tjWP5WquqfavoMtMwiG4P926ZKKuQ==",
      "dev": true,
      "license": "MIT",
      "dependencies": {
        "@jridgewell/resolve-uri": "^3.0.3",
        "@jridgewell/sourcemap-codec": "^1.4.10"
      }
    },
    "node_modules/@telegraf/types": {
      "version": "7.1.0",
      "resolved": "https://registry.npmjs.org/@telegraf/types/-/types-7.1.0.tgz",
      "integrity": "sha512-kGevOIbpMcIlCDeorKGpwZmdH7kHbqlk/Yj6dEpJMKEQw5lk0KVQY0OLXaCswy8GqlIVLd5625OB+rAntP9xVw==",
      "license": "MIT"
    },
    "node_modules/@titorelli-org/axios-oidc-interceptor": {
      "version": "0.7.9",
      "resolved": "https://npm.pkg.github.com/download/@titorelli-org/axios-oidc-interceptor/0.7.9/787209b23bb86a03ea73f66defb0959f5ac4aac7",
      "integrity": "sha512-GA8xEDVsAvU3S5TrS9ftGlh4rcn1EQKGDH37a/W5DEnFvDrIX5POq7VzXo27KRbeMPRfJAruZXmWRYhO4WuxVw==",
      "license": "AGPL-3.0-only",
      "dependencies": {
        "@titorelli-org/jwks-store": "^0.2.0",
        "axios": "^1.12.2",
        "mkdirp": "^3.0.1",
        "oauth4webapi": "^3.8.1",
        "uuid": "^13.0.0",
        "yaml": "^2.8.1"
      }
    },
    "node_modules/@titorelli-org/jwks-store": {
      "version": "0.2.0",
      "resolved": "https://npm.pkg.github.com/download/@titorelli-org/jwks-store/0.2.0/a71c5a1df2394a51ee8dd285cee4504919618d40",
      "integrity": "sha512-aB7+abvBVzzgZOCcOGB4sKuNfhyJyPSdfrlMaD6R4xRIFRDQiSmovaCKCS1CGRc1BHgVgiT6LtKv/8Seh/4gcg==",
      "license": "AGPL-3.0-only",
      "dependencies": {
        "mkdirp": "^3.0.1"
      }
    },
    "node_modules/@titorelli/client": {
      "version": "5.2.4",
      "resolved": "https://registry.npmjs.org/@titorelli/client/-/client-5.2.4.tgz",
      "integrity": "sha512-2uL1ZiVIM516RC7kAuoiYNPFN8QGOeUZFz0Oe4EUyIzVlVDthELbJiUy8HJVg6eoSwTJAA1ElFkOFzvSBq7d8Q==",
      "license": "AGPL-3.0-only",
      "dependencies": {
        "@titorelli-org/axios-oidc-interceptor": "^0.7.9",
        "axios": "^1.12.2",
        "axios-oauth-client": "^2.2.0",
        "pino": "^9.11.0"
      }
    },
    "node_modules/@titorelli/client/node_modules/pino": {
      "version": "9.13.1",
      "resolved": "https://registry.npmjs.org/pino/-/pino-9.13.1.tgz",
      "integrity": "sha512-Szuj+ViDTjKPQYiKumGmEn3frdl+ZPSdosHyt9SnUevFosOkMY2b7ipxlEctNKPmMD/VibeBI+ZcZCJK+4DPuw==",
      "license": "MIT",
      "dependencies": {
        "atomic-sleep": "^1.0.0",
        "on-exit-leak-free": "^2.1.0",
        "pino-abstract-transport": "^2.0.0",
        "pino-std-serializers": "^7.0.0",
        "process-warning": "^5.0.0",
        "quick-format-unescaped": "^4.0.3",
        "real-require": "^0.2.0",
        "safe-stable-stringify": "^2.3.1",
        "slow-redact": "^0.3.0",
        "sonic-boom": "^4.0.1",
        "thread-stream": "^3.0.0"
      },
      "bin": {
        "pino": "bin.js"
      }
    },
    "node_modules/@titorelli/telemetry-client": {
      "version": "10.1.1",
      "resolved": "https://registry.npmjs.org/@titorelli/telemetry-client/-/telemetry-client-10.1.1.tgz",
      "integrity": "sha512-ExCOuYeKAHtadD3M4AcC/4she2D5z9QitZ9U007FpICtrEz3rdmy9sFd9ylSpOT43lOTTa7oOpuWUVRDFnZvcA==",
      "license": "AGPL-3.0-only",
      "dependencies": {
        "@titorelli-org/axios-oidc-interceptor": "^0.7.0",
        "@types/node": "^24.5.2",
        "axios": "^1.12.2",
        "axios-oauth-client": "^2.2.0",
        "grammy": "^1.38.2",
        "mkdirp": "^3.0.1",
        "pino": "^9.11.0"
      }
    },
    "node_modules/@titorelli/telemetry-client/node_modules/pino": {
      "version": "9.13.1",
      "resolved": "https://registry.npmjs.org/pino/-/pino-9.13.1.tgz",
      "integrity": "sha512-Szuj+ViDTjKPQYiKumGmEn3frdl+ZPSdosHyt9SnUevFosOkMY2b7ipxlEctNKPmMD/VibeBI+ZcZCJK+4DPuw==",
      "license": "MIT",
      "dependencies": {
        "atomic-sleep": "^1.0.0",
        "on-exit-leak-free": "^2.1.0",
        "pino-abstract-transport": "^2.0.0",
        "pino-std-serializers": "^7.0.0",
        "process-warning": "^5.0.0",
        "quick-format-unescaped": "^4.0.3",
        "real-require": "^0.2.0",
        "safe-stable-stringify": "^2.3.1",
        "slow-redact": "^0.3.0",
        "sonic-boom": "^4.0.1",
        "thread-stream": "^3.0.0"
      },
      "bin": {
        "pino": "bin.js"
      }
    },
    "node_modules/@tsconfig/node10": {
      "version": "1.0.11",
      "resolved": "https://registry.npmjs.org/@tsconfig/node10/-/node10-1.0.11.tgz",
      "integrity": "sha512-DcRjDCujK/kCk/cUe8Xz8ZSpm8mS3mNNpta+jGCA6USEDfktlNvm1+IuZ9eTcDbNk41BHwpHHeW+N1lKCz4zOw==",
      "dev": true,
      "license": "MIT"
    },
    "node_modules/@tsconfig/node12": {
      "version": "1.0.11",
      "resolved": "https://registry.npmjs.org/@tsconfig/node12/-/node12-1.0.11.tgz",
      "integrity": "sha512-cqefuRsh12pWyGsIoBKJA9luFu3mRxCA+ORZvA4ktLSzIuCUtWVxGIuXigEwO5/ywWFMZ2QEGKWvkZG1zDMTag==",
      "dev": true,
      "license": "MIT"
    },
    "node_modules/@tsconfig/node14": {
      "version": "1.0.3",
      "resolved": "https://registry.npmjs.org/@tsconfig/node14/-/node14-1.0.3.tgz",
      "integrity": "sha512-ysT8mhdixWK6Hw3i1V2AeRqZ5WfXg1G43mqoYlM2nc6388Fq5jcXyr5mRsqViLx/GJYdoL0bfXD8nmF+Zn/Iow==",
      "dev": true,
      "license": "MIT"
    },
    "node_modules/@tsconfig/node16": {
      "version": "1.0.4",
      "resolved": "https://registry.npmjs.org/@tsconfig/node16/-/node16-1.0.4.tgz",
      "integrity": "sha512-vxhUy4J8lyeyinH7Azl1pdd43GJhZH/tP2weN8TntQblOY+A0XbT8DJk1/oCPuOOyg/Ja757rG0CgHcWC8OfMA==",
      "dev": true,
      "license": "MIT"
    },
    "node_modules/@types/node": {
      "version": "24.6.2",
      "resolved": "https://registry.npmjs.org/@types/node/-/node-24.6.2.tgz",
      "integrity": "sha512-d2L25Y4j+W3ZlNAeMKcy7yDsK425ibcAOO2t7aPTz6gNMH0z2GThtwENCDc0d/Pw9wgyRqE5Px1wkV7naz8ang==",
      "license": "MIT",
      "dependencies": {
        "undici-types": "~7.13.0"
      }
    },
    "node_modules/@vercel/ncc": {
      "version": "0.38.4",
      "resolved": "https://registry.npmjs.org/@vercel/ncc/-/ncc-0.38.4.tgz",
      "integrity": "sha512-8LwjnlP39s08C08J5NstzriPvW1SP8Zfpp1BvC2sI35kPeZnHfxVkCwu4/+Wodgnd60UtT1n8K8zw+Mp7J9JmQ==",
      "dev": true,
      "license": "MIT",
      "bin": {
        "ncc": "dist/ncc/cli.js"
      }
    },
    "node_modules/abort-controller": {
      "version": "3.0.0",
      "resolved": "https://registry.npmjs.org/abort-controller/-/abort-controller-3.0.0.tgz",
      "integrity": "sha512-h8lQ8tacZYnR3vNQTgibj+tODHI5/+l06Au2Pcriv/Gmet0eaj4TwWH41sO9wnHDiQsEj19q0drzdWdeAHtweg==",
      "license": "MIT",
      "dependencies": {
        "event-target-shim": "^5.0.0"
      },
      "engines": {
        "node": ">=6.5"
      }
    },
    "node_modules/acorn": {
      "version": "8.15.0",
      "resolved": "https://registry.npmjs.org/acorn/-/acorn-8.15.0.tgz",
      "integrity": "sha512-NZyJarBfL7nWwIq+FDL6Zp/yHEhePMNnnJ0y3qfieCrmNvYct8uvtiV41UvlSe6apAfk0fY1FbWx+NwfmpvtTg==",
      "dev": true,
      "license": "MIT",
      "bin": {
        "acorn": "bin/acorn"
      },
      "engines": {
        "node": ">=0.4.0"
      }
    },
    "node_modules/acorn-walk": {
      "version": "8.3.4",
      "resolved": "https://registry.npmjs.org/acorn-walk/-/acorn-walk-8.3.4.tgz",
      "integrity": "sha512-ueEepnujpqee2o5aIYnvHU6C0A42MNdsIDeqy5BydrkuC5R1ZuUFnm27EeFJGoEHJQgn3uleRvmTXaJgfXbt4g==",
      "dev": true,
      "license": "MIT",
      "dependencies": {
        "acorn": "^8.11.0"
      },
      "engines": {
        "node": ">=0.4.0"
      }
    },
    "node_modules/arg": {
      "version": "4.1.3",
      "resolved": "https://registry.npmjs.org/arg/-/arg-4.1.3.tgz",
      "integrity": "sha512-58S9QDqG0Xx27YwPSt9fJxivjYl432YCwfDMfZ+71RAqUrZef7LrKQZ3LHLOwCS4FLNBplP533Zx895SeOCHvA==",
      "dev": true,
      "license": "MIT"
    },
    "node_modules/asynckit": {
      "version": "0.4.0",
      "resolved": "https://registry.npmjs.org/asynckit/-/asynckit-0.4.0.tgz",
      "integrity": "sha512-Oei9OH4tRh0YqU3GxhX79dM/mwVgvbZJaSNaRk+bshkj0S5cfHcgYakreBjrHwatXKbz+IoIdYLxrKim2MjW0Q==",
      "license": "MIT"
    },
    "node_modules/atomic-sleep": {
      "version": "1.0.0",
      "resolved": "https://registry.npmjs.org/atomic-sleep/-/atomic-sleep-1.0.0.tgz",
      "integrity": "sha512-kNOjDqAh7px0XWNI+4QbzoiR/nTkHAWNud2uvnJquD1/x5a7EQZMJT0AczqK0Qn67oY/TTQ1LbUKajZpp3I9tQ==",
      "license": "MIT",
      "engines": {
        "node": ">=8.0.0"
      }
    },
    "node_modules/axios": {
      "version": "1.12.2",
      "resolved": "https://registry.npmjs.org/axios/-/axios-1.12.2.tgz",
      "integrity": "sha512-vMJzPewAlRyOgxV2dU0Cuz2O8zzzx9VYtbJOaBgXFeLc4IV/Eg50n4LowmehOOR61S8ZMpc2K5Sa7g6A4jfkUw==",
      "license": "MIT",
      "dependencies": {
        "follow-redirects": "^1.15.6",
        "form-data": "^4.0.4",
        "proxy-from-env": "^1.1.0"
      }
    },
    "node_modules/axios-oauth-client": {
      "version": "2.2.0",
      "resolved": "https://registry.npmjs.org/axios-oauth-client/-/axios-oauth-client-2.2.0.tgz",
      "integrity": "sha512-rRaDtK6CuPs+4lDqpAEc4s0c0/Zc2SF4HjVq5DDUL3FkwE/khlxZfnts3MKu1HANODBJ3YOViZVmevx/OUDS2Q==",
      "engines": {
        "node": ">= 14"
      },
      "peerDependencies": {
        "axios": "^1.2.1"
      }
    },
    "node_modules/buffer-alloc": {
      "version": "1.2.0",
      "resolved": "https://registry.npmjs.org/buffer-alloc/-/buffer-alloc-1.2.0.tgz",
      "integrity": "sha512-CFsHQgjtW1UChdXgbyJGtnm+O/uLQeZdtbDo8mfUgYXCHSM1wgrVxXm6bSyrUuErEb+4sYVGCzASBRot7zyrow==",
      "license": "MIT",
      "dependencies": {
        "buffer-alloc-unsafe": "^1.1.0",
        "buffer-fill": "^1.0.0"
      }
    },
    "node_modules/buffer-alloc-unsafe": {
      "version": "1.1.0",
      "resolved": "https://registry.npmjs.org/buffer-alloc-unsafe/-/buffer-alloc-unsafe-1.1.0.tgz",
      "integrity": "sha512-TEM2iMIEQdJ2yjPJoSIsldnleVaAk1oW3DBVUykyOLsEsFmEc9kn+SFFPz+gl54KQNxlDnAwCXosOS9Okx2xAg==",
      "license": "MIT"
    },
    "node_modules/buffer-fill": {
      "version": "1.0.0",
      "resolved": "https://registry.npmjs.org/buffer-fill/-/buffer-fill-1.0.0.tgz",
      "integrity": "sha512-T7zexNBwiiaCOGDg9xNX9PBmjrubblRkENuptryuI64URkXDFum9il/JGL8Lm8wYfAXpredVXXZz7eMHilimiQ==",
      "license": "MIT"
    },
    "node_modules/call-bind-apply-helpers": {
      "version": "1.0.2",
      "resolved": "https://registry.npmjs.org/call-bind-apply-helpers/-/call-bind-apply-helpers-1.0.2.tgz",
      "integrity": "sha512-Sp1ablJ0ivDkSzjcaJdxEunN5/XvksFJ2sMBFfq6x0ryhQV/2b/KwFe21cMpmHtPOSij8K99/wSfoEuTObmuMQ==",
      "license": "MIT",
      "dependencies": {
        "es-errors": "^1.3.0",
        "function-bind": "^1.1.2"
      },
      "engines": {
        "node": ">= 0.4"
      }
    },
    "node_modules/colorette": {
      "version": "2.0.20",
      "resolved": "https://registry.npmjs.org/colorette/-/colorette-2.0.20.tgz",
      "integrity": "sha512-IfEDxwoWIjkeXL1eXcDiow4UbKjhLdq6/EuSVR9GMN7KVH3r9gQ83e73hsz1Nd1T3ijd5xv1wcWRYO+D6kCI2w==",
      "license": "MIT"
    },
    "node_modules/combined-stream": {
      "version": "1.0.8",
      "resolved": "https://registry.npmjs.org/combined-stream/-/combined-stream-1.0.8.tgz",
      "integrity": "sha512-FQN4MRfuJeHf7cBbBMJFXhKSDq+2kAArBlmRBvcvFE5BB1HZKXtSFASDhdlz9zOYwxh8lDdnvmMOe/+5cdoEdg==",
      "license": "MIT",
      "dependencies": {
        "delayed-stream": "~1.0.0"
      },
      "engines": {
        "node": ">= 0.8"
      }
    },
    "node_modules/create-require": {
      "version": "1.1.1",
      "resolved": "https://registry.npmjs.org/create-require/-/create-require-1.1.1.tgz",
      "integrity": "sha512-dcKFX3jn0MpIaXjisoRvexIJVEKzaq7z2rZKxf+MSr9TkdmHmsU4m2lcLojrj/FHl8mk5VxMmYA+ftRkP/3oKQ==",
      "dev": true,
      "license": "MIT"
    },
    "node_modules/dateformat": {
      "version": "4.6.3",
      "resolved": "https://registry.npmjs.org/dateformat/-/dateformat-4.6.3.tgz",
      "integrity": "sha512-2P0p0pFGzHS5EMnhdxQi7aJN+iMheud0UhG4dlE1DLAlvL8JHjJJTX/CSm4JXwV0Ka5nGk3zC5mcb5bUQUxxMA==",
      "license": "MIT",
      "engines": {
        "node": "*"
      }
    },
    "node_modules/debug": {
      "version": "4.4.0",
      "resolved": "https://registry.npmjs.org/debug/-/debug-4.4.0.tgz",
      "integrity": "sha512-6WTZ/IxCY/T6BALoZHaE4ctp9xm+Z5kY/pzYaCHRFeyVhojxlrm+46y68HA6hr0TcwEssoxNiDEUJQjfPZ/RYA==",
      "license": "MIT",
      "dependencies": {
        "ms": "^2.1.3"
      },
      "engines": {
        "node": ">=6.0"
      },
      "peerDependenciesMeta": {
        "supports-color": {
          "optional": true
        }
      }
    },
    "node_modules/delayed-stream": {
      "version": "1.0.0",
      "resolved": "https://registry.npmjs.org/delayed-stream/-/delayed-stream-1.0.0.tgz",
      "integrity": "sha512-ZySD7Nf91aLB0RxL4KGrKHBXl7Eds1DAmEdcoVawXnLD7SDhpNgtuII2aAkg7a7QS41jxPSZ17p4VdGnMHk3MQ==",
      "license": "MIT",
      "engines": {
        "node": ">=0.4.0"
      }
    },
    "node_modules/diff": {
      "version": "4.0.2",
      "resolved": "https://registry.npmjs.org/diff/-/diff-4.0.2.tgz",
      "integrity": "sha512-58lmxKSA4BNyLz+HHMUzlOEpg09FV+ev6ZMe3vJihgdxzgcwZ8VoEEPmALCZG9LmqfVoNMMKpttIYTVG6uDY7A==",
      "dev": true,
      "license": "BSD-3-Clause",
      "engines": {
        "node": ">=0.3.1"
      }
    },
    "node_modules/dotenv": {
      "version": "17.2.3",
      "resolved": "https://registry.npmjs.org/dotenv/-/dotenv-17.2.3.tgz",
      "integrity": "sha512-JVUnt+DUIzu87TABbhPmNfVdBDt18BLOWjMUFJMSi/Qqg7NTYtabbvSNJGOJ7afbRuv9D/lngizHtP7QyLQ+9w==",
      "license": "BSD-2-Clause",
      "engines": {
        "node": ">=12"
      },
      "funding": {
        "url": "https://dotenvx.com"
      }
    },
    "node_modules/dunder-proto": {
      "version": "1.0.1",
      "resolved": "https://registry.npmjs.org/dunder-proto/-/dunder-proto-1.0.1.tgz",
      "integrity": "sha512-KIN/nDJBQRcXw0MLVhZE9iQHmG68qAVIBg9CqmUYjmQIhgij9U5MFvrqkUL5FbtyyzZuOeOt0zdeRe4UY7ct+A==",
      "license": "MIT",
      "dependencies": {
        "call-bind-apply-helpers": "^1.0.1",
        "es-errors": "^1.3.0",
        "gopd": "^1.2.0"
      },
      "engines": {
        "node": ">= 0.4"
      }
    },
    "node_modules/end-of-stream": {
      "version": "1.4.4",
      "resolved": "https://registry.npmjs.org/end-of-stream/-/end-of-stream-1.4.4.tgz",
      "integrity": "sha512-+uw1inIHVPQoaVuHzRyXd21icM+cnt4CzD5rW+NC1wjOUSTOs+Te7FOv7AhN7vS9x/oIyhLP5PR1H+phQAHu5Q==",
      "license": "MIT",
      "dependencies": {
        "once": "^1.4.0"
      }
    },
    "node_modules/envalid": {
      "version": "8.1.0",
      "resolved": "https://registry.npmjs.org/envalid/-/envalid-8.1.0.tgz",
      "integrity": "sha512-OT6+qVhKVyCidaGoXflb2iK1tC8pd0OV2Q+v9n33wNhUJ+lus+rJobUj4vJaQBPxPZ0vYrPGuxdrenyCAIJcow==",
      "license": "MIT",
      "dependencies": {
        "tslib": "2.8.1"
      },
      "engines": {
        "node": ">=18"
      }
    },
    "node_modules/es-define-property": {
      "version": "1.0.1",
      "resolved": "https://registry.npmjs.org/es-define-property/-/es-define-property-1.0.1.tgz",
      "integrity": "sha512-e3nRfgfUZ4rNGL232gUgX06QNyyez04KdjFrF+LTRoOXmrOgFKDg4BCdsjW8EnT69eqdYGmRpJwiPVYNrCaW3g==",
      "license": "MIT",
      "engines": {
        "node": ">= 0.4"
      }
    },
    "node_modules/es-errors": {
      "version": "1.3.0",
      "resolved": "https://registry.npmjs.org/es-errors/-/es-errors-1.3.0.tgz",
      "integrity": "sha512-Zf5H2Kxt2xjTvbJvP2ZWLEICxA6j+hAmMzIlypy4xcBg1vKVnx89Wy0GbS+kf5cwCVFFzdCFh2XSCFNULS6csw==",
      "license": "MIT",
      "engines": {
        "node": ">= 0.4"
      }
    },
    "node_modules/es-object-atoms": {
      "version": "1.1.1",
      "resolved": "https://registry.npmjs.org/es-object-atoms/-/es-object-atoms-1.1.1.tgz",
      "integrity": "sha512-FGgH2h8zKNim9ljj7dankFPcICIK9Cp5bm+c2gQSYePhpaG5+esrLODihIorn+Pe6FGJzWhXQotPv73jTaldXA==",
      "license": "MIT",
      "dependencies": {
        "es-errors": "^1.3.0"
      },
      "engines": {
        "node": ">= 0.4"
      }
    },
    "node_modules/es-set-tostringtag": {
      "version": "2.1.0",
      "resolved": "https://registry.npmjs.org/es-set-tostringtag/-/es-set-tostringtag-2.1.0.tgz",
      "integrity": "sha512-j6vWzfrGVfyXxge+O0x5sh6cvxAog0a/4Rdd2K36zCMV5eJ+/+tOAngRO8cODMNWbVRdVlmGZQL2YS3yR8bIUA==",
      "license": "MIT",
      "dependencies": {
        "es-errors": "^1.3.0",
        "get-intrinsic": "^1.2.6",
        "has-tostringtag": "^1.0.2",
        "hasown": "^2.0.2"
      },
      "engines": {
        "node": ">= 0.4"
      }
    },
    "node_modules/event-target-shim": {
      "version": "5.0.1",
      "resolved": "https://registry.npmjs.org/event-target-shim/-/event-target-shim-5.0.1.tgz",
      "integrity": "sha512-i/2XbnSz/uxRCU6+NdVJgKWDTM427+MqYbkQzD321DuCQJUqOuJKIA0IM2+W2xtYHdKOmZ4dR6fExsd4SXL+WQ==",
      "license": "MIT",
      "engines": {
        "node": ">=6"
      }
    },
    "node_modules/fast-copy": {
      "version": "3.0.2",
      "resolved": "https://registry.npmjs.org/fast-copy/-/fast-copy-3.0.2.tgz",
      "integrity": "sha512-dl0O9Vhju8IrcLndv2eU4ldt1ftXMqqfgN4H1cpmGV7P6jeB9FwpN9a2c8DPGE1Ys88rNUJVYDHq73CGAGOPfQ==",
      "license": "MIT"
    },
    "node_modules/fast-safe-stringify": {
      "version": "2.1.1",
      "resolved": "https://registry.npmjs.org/fast-safe-stringify/-/fast-safe-stringify-2.1.1.tgz",
      "integrity": "sha512-W+KJc2dmILlPplD/H4K9l9LcAHAfPtP6BY84uVLXQ6Evcz9Lcg33Y2z1IVblT6xdY54PXYVHEv+0Wpq8Io6zkA==",
      "license": "MIT"
    },
    "node_modules/follow-redirects": {
      "version": "1.15.9",
      "resolved": "https://registry.npmjs.org/follow-redirects/-/follow-redirects-1.15.9.tgz",
      "integrity": "sha512-gew4GsXizNgdoRyqmyfMHyAmXsZDk6mHkSxZFCzW9gwlbtOW44CDtYavM+y+72qD/Vq2l550kMF52DT8fOLJqQ==",
      "funding": [
        {
          "type": "individual",
          "url": "https://github.com/sponsors/RubenVerborgh"
        }
      ],
      "engines": {
        "node": ">=4.0"
      },
      "peerDependenciesMeta": {
        "debug": {
          "optional": true
        }
      }
    },
    "node_modules/form-data": {
      "version": "4.0.4",
      "resolved": "https://registry.npmjs.org/form-data/-/form-data-4.0.4.tgz",
      "integrity": "sha512-KrGhL9Q4zjj0kiUt5OO4Mr/A/jlI2jDYs5eHBpYHPcBEVSiipAvn2Ko2HnPe20rmcuuvMHNdZFp+4IlGTMF0Ow==",
      "license": "MIT",
      "dependencies": {
        "asynckit": "^0.4.0",
        "combined-stream": "^1.0.8",
        "es-set-tostringtag": "^2.1.0",
        "hasown": "^2.0.2",
        "mime-types": "^2.1.12"
      },
      "engines": {
        "node": ">= 6"
      }
    },
    "node_modules/function-bind": {
      "version": "1.1.2",
      "resolved": "https://registry.npmjs.org/function-bind/-/function-bind-1.1.2.tgz",
      "integrity": "sha512-7XHNxH7qX9xG5mIwxkhumTox/MIRNcOgDrxWsMt2pAr23WHp6MrRlN7FBSFpCpr+oVO0F744iUgR82nJMfG2SA==",
      "license": "MIT",
      "funding": {
        "url": "https://github.com/sponsors/ljharb"
      }
    },
    "node_modules/get-intrinsic": {
      "version": "1.3.0",
      "resolved": "https://registry.npmjs.org/get-intrinsic/-/get-intrinsic-1.3.0.tgz",
      "integrity": "sha512-9fSjSaos/fRIVIp+xSJlE6lfwhES7LNtKaCBIamHsjr2na1BiABJPo0mOjjz8GJDURarmCPGqaiVg5mfjb98CQ==",
      "license": "MIT",
      "dependencies": {
        "call-bind-apply-helpers": "^1.0.2",
        "es-define-property": "^1.0.1",
        "es-errors": "^1.3.0",
        "es-object-atoms": "^1.1.1",
        "function-bind": "^1.1.2",
        "get-proto": "^1.0.1",
        "gopd": "^1.2.0",
        "has-symbols": "^1.1.0",
        "hasown": "^2.0.2",
        "math-intrinsics": "^1.1.0"
      },
      "engines": {
        "node": ">= 0.4"
      },
      "funding": {
        "url": "https://github.com/sponsors/ljharb"
      }
    },
    "node_modules/get-proto": {
      "version": "1.0.1",
      "resolved": "https://registry.npmjs.org/get-proto/-/get-proto-1.0.1.tgz",
      "integrity": "sha512-sTSfBjoXBp89JvIKIefqw7U2CCebsc74kiY6awiGogKtoSGbgjYE/G/+l9sF3MWFPNc9IcoOC4ODfKHfxFmp0g==",
      "license": "MIT",
      "dependencies": {
        "dunder-proto": "^1.0.1",
        "es-object-atoms": "^1.0.0"
      },
      "engines": {
        "node": ">= 0.4"
      }
    },
    "node_modules/gopd": {
      "version": "1.2.0",
      "resolved": "https://registry.npmjs.org/gopd/-/gopd-1.2.0.tgz",
      "integrity": "sha512-ZUKRh6/kUFoAiTAtTYPZJ3hw9wNxx+BIBOijnlG9PnrJsCcSjs1wyyD6vJpaYtgnzDrKYRSqf3OO6Rfa93xsRg==",
      "license": "MIT",
      "engines": {
        "node": ">= 0.4"
      },
      "funding": {
        "url": "https://github.com/sponsors/ljharb"
      }
    },
    "node_modules/grammy": {
      "version": "1.38.2",
      "resolved": "https://registry.npmjs.org/grammy/-/grammy-1.38.2.tgz",
      "integrity": "sha512-11O8rA3kt54Avk6cIyqdXFphkq1fbFz9Vh8hbbj8vid0VqJbZ4Yz2fpqDeaDONxnX3h9NdE/JGMk7VHVtmwKuQ==",
      "license": "MIT",
      "dependencies": {
        "@grammyjs/types": "3.22.1",
        "abort-controller": "^3.0.0",
        "debug": "^4.3.4",
        "node-fetch": "^2.7.0"
      },
      "engines": {
        "node": "^12.20.0 || >=14.13.1"
      }
    },
    "node_modules/has-symbols": {
      "version": "1.1.0",
      "resolved": "https://registry.npmjs.org/has-symbols/-/has-symbols-1.1.0.tgz",
      "integrity": "sha512-1cDNdwJ2Jaohmb3sg4OmKaMBwuC48sYni5HUw2DvsC8LjGTLK9h+eb1X6RyuOHe4hT0ULCW68iomhjUoKUqlPQ==",
      "license": "MIT",
      "engines": {
        "node": ">= 0.4"
      },
      "funding": {
        "url": "https://github.com/sponsors/ljharb"
      }
    },
    "node_modules/has-tostringtag": {
      "version": "1.0.2",
      "resolved": "https://registry.npmjs.org/has-tostringtag/-/has-tostringtag-1.0.2.tgz",
      "integrity": "sha512-NqADB8VjPFLM2V0VvHUewwwsw0ZWBaIdgo+ieHtK3hasLz4qeCRjYcqfB6AQrBggRKppKF8L52/VqdVsO47Dlw==",
      "license": "MIT",
      "dependencies": {
        "has-symbols": "^1.0.3"
      },
      "engines": {
        "node": ">= 0.4"
      },
      "funding": {
        "url": "https://github.com/sponsors/ljharb"
      }
    },
    "node_modules/hasown": {
      "version": "2.0.2",
      "resolved": "https://registry.npmjs.org/hasown/-/hasown-2.0.2.tgz",
      "integrity": "sha512-0hJU9SCPvmMzIBdZFqNPXWa6dqh7WdH0cII9y+CyS8rG3nL48Bclra9HmKhVVUHyPWNH5Y7xDwAB7bfgSjkUMQ==",
      "license": "MIT",
      "dependencies": {
        "function-bind": "^1.1.2"
      },
      "engines": {
        "node": ">= 0.4"
      }
    },
    "node_modules/help-me": {
      "version": "5.0.0",
      "resolved": "https://registry.npmjs.org/help-me/-/help-me-5.0.0.tgz",
      "integrity": "sha512-7xgomUX6ADmcYzFik0HzAxh/73YlKR9bmFzf51CZwR+b6YtzU2m0u49hQCqV6SvlqIqsaxovfwdvbnsw3b/zpg==",
      "license": "MIT"
    },
    "node_modules/joycon": {
      "version": "3.1.1",
      "resolved": "https://registry.npmjs.org/joycon/-/joycon-3.1.1.tgz",
      "integrity": "sha512-34wB/Y7MW7bzjKRjUKTa46I2Z7eV62Rkhva+KkopW7Qvv/OSWBqvkSY7vusOPrNuZcUG3tApvdVgNB8POj3SPw==",
      "license": "MIT",
      "engines": {
        "node": ">=10"
      }
    },
    "node_modules/make-error": {
      "version": "1.3.6",
      "resolved": "https://registry.npmjs.org/make-error/-/make-error-1.3.6.tgz",
      "integrity": "sha512-s8UhlNe7vPKomQhC1qFelMokr/Sc3AgNbso3n74mVPA5LTZwkB9NlXf4XPamLxJE8h0gh73rM94xvwRT2CVInw==",
      "dev": true,
      "license": "ISC"
    },
    "node_modules/math-intrinsics": {
      "version": "1.1.0",
      "resolved": "https://registry.npmjs.org/math-intrinsics/-/math-intrinsics-1.1.0.tgz",
      "integrity": "sha512-/IXtbwEk5HTPyEwyKX6hGkYXxM9nbj64B+ilVJnC/R6B0pH5G4V3b0pVbL7DBj4tkhBAppbQUlf6F6Xl9LHu1g==",
      "license": "MIT",
      "engines": {
        "node": ">= 0.4"
      }
    },
    "node_modules/mime-db": {
      "version": "1.52.0",
      "resolved": "https://registry.npmjs.org/mime-db/-/mime-db-1.52.0.tgz",
      "integrity": "sha512-sPU4uV7dYlvtWJxwwxHD0PuihVNiE7TyAbQ5SWxDCB9mUYvOgroQOwYQQOKPJ8CIbE+1ETVlOoK1UC2nU3gYvg==",
      "license": "MIT",
      "engines": {
        "node": ">= 0.6"
      }
    },
    "node_modules/mime-types": {
      "version": "2.1.35",
      "resolved": "https://registry.npmjs.org/mime-types/-/mime-types-2.1.35.tgz",
      "integrity": "sha512-ZDY+bPm5zTTF+YpCrAU9nK0UgICYPT0QtT1NZWFv4s++TNkcgVaT0g6+4R2uI4MjQjzysHB1zxuWL50hzaeXiw==",
      "license": "MIT",
      "dependencies": {
        "mime-db": "1.52.0"
      },
      "engines": {
        "node": ">= 0.6"
      }
    },
    "node_modules/minimist": {
      "version": "1.2.8",
      "resolved": "https://registry.npmjs.org/minimist/-/minimist-1.2.8.tgz",
      "integrity": "sha512-2yyAR8qBkN3YuheJanUpWC5U3bb5osDywNB8RzDVlDwDHbocAJveqqj1u8+SVD7jkWT4yvsHCpWqqWqAxb0zCA==",
      "license": "MIT",
      "funding": {
        "url": "https://github.com/sponsors/ljharb"
      }
    },
    "node_modules/mkdirp": {
      "version": "3.0.1",
      "resolved": "https://registry.npmjs.org/mkdirp/-/mkdirp-3.0.1.tgz",
      "integrity": "sha512-+NsyUUAZDmo6YVHzL/stxSu3t9YS1iljliy3BSDrXJ/dkn1KYdmtZODGGjLcc9XLgVVpH4KshHB8XmZgMhaBXg==",
      "license": "MIT",
      "bin": {
        "mkdirp": "dist/cjs/src/bin.js"
      },
      "engines": {
        "node": ">=10"
      },
      "funding": {
        "url": "https://github.com/sponsors/isaacs"
      }
    },
    "node_modules/mri": {
      "version": "1.2.0",
      "resolved": "https://registry.npmjs.org/mri/-/mri-1.2.0.tgz",
      "integrity": "sha512-tzzskb3bG8LvYGFF/mDTpq3jpI6Q9wc3LEmBaghu+DdCssd1FakN7Bc0hVNmEyGq1bq3RgfkCb3cmQLpNPOroA==",
      "license": "MIT",
      "engines": {
        "node": ">=4"
      }
    },
    "node_modules/ms": {
      "version": "2.1.3",
      "resolved": "https://registry.npmjs.org/ms/-/ms-2.1.3.tgz",
      "integrity": "sha512-6FlzubTLZG3J2a/NVCAleEhjzq5oxgHyaCU9yYXvcLsvoVaHJq/s5xXI6/XXP6tz7R9xAOtHnSO/tXtF3WRTlA==",
      "license": "MIT"
    },
    "node_modules/node-fetch": {
      "version": "2.7.0",
      "resolved": "https://registry.npmjs.org/node-fetch/-/node-fetch-2.7.0.tgz",
      "integrity": "sha512-c4FRfUm/dbcWZ7U+1Wq0AwCyFL+3nt2bEw05wfxSz+DWpWsitgmSgYmy2dQdWyKC1694ELPqMs/YzUSNozLt8A==",
      "license": "MIT",
      "dependencies": {
        "whatwg-url": "^5.0.0"
      },
      "engines": {
        "node": "4.x || >=6.0.0"
      },
      "peerDependencies": {
        "encoding": "^0.1.0"
      },
      "peerDependenciesMeta": {
        "encoding": {
          "optional": true
        }
      }
    },
    "node_modules/npm-check-updates": {
      "version": "19.0.0",
      "resolved": "https://registry.npmjs.org/npm-check-updates/-/npm-check-updates-19.0.0.tgz",
      "integrity": "sha512-qcfjZEv6xB+WvW24S8wU1MKISPPiTREraBg62XDo/7zmOLXH3Zj7ti2v/LRfks0qITU8SDZLTWwgIitflvursw==",
      "dev": true,
      "license": "Apache-2.0",
      "bin": {
        "ncu": "build/cli.js",
        "npm-check-updates": "build/cli.js"
      },
      "engines": {
        "node": ">=20.0.0",
        "npm": ">=8.12.1"
      }
    },
    "node_modules/oauth4webapi": {
      "version": "3.8.1",
      "resolved": "https://registry.npmjs.org/oauth4webapi/-/oauth4webapi-3.8.1.tgz",
      "integrity": "sha512-olkZDELNycOWQf9LrsELFq8n05LwJgV8UkrS0cburk6FOwf8GvLam+YB+Uj5Qvryee+vwWOfQVeI5Vm0MVg7SA==",
      "license": "MIT",
      "funding": {
        "url": "https://github.com/sponsors/panva"
      }
    },
    "node_modules/on-exit-leak-free": {
      "version": "2.1.2",
      "resolved": "https://registry.npmjs.org/on-exit-leak-free/-/on-exit-leak-free-2.1.2.tgz",
      "integrity": "sha512-0eJJY6hXLGf1udHwfNftBqH+g73EU4B504nZeKpz1sYRKafAghwxEJunB2O7rDZkL4PGfsMVnTXZ2EjibbqcsA==",
      "license": "MIT",
      "engines": {
        "node": ">=14.0.0"
      }
    },
    "node_modules/once": {
      "version": "1.4.0",
      "resolved": "https://registry.npmjs.org/once/-/once-1.4.0.tgz",
      "integrity": "sha512-lNaJgI+2Q5URQBkccEKHTQOPaXdUxnZZElQTZY0MFUAuaEqe1E+Nyvgdz/aIyNi6Z9MzO5dv1H8n58/GELp3+w==",
      "license": "ISC",
      "dependencies": {
        "wrappy": "1"
      }
    },
    "node_modules/p-timeout": {
      "version": "4.1.0",
      "resolved": "https://registry.npmjs.org/p-timeout/-/p-timeout-4.1.0.tgz",
      "integrity": "sha512-+/wmHtzJuWii1sXn3HCuH/FTwGhrp4tmJTxSKJbfS+vkipci6osxXM5mY0jUiRzWKMTgUT8l7HFbeSwZAynqHw==",
      "license": "MIT",
      "engines": {
        "node": ">=10"
      }
    },
    "node_modules/pino": {
      "version": "10.0.0",
      "resolved": "https://registry.npmjs.org/pino/-/pino-10.0.0.tgz",
      "integrity": "sha512-eI9pKwWEix40kfvSzqEP6ldqOoBIN7dwD/o91TY5z8vQI12sAffpR/pOqAD1IVVwIVHDpHjkq0joBPdJD0rafA==",
      "license": "MIT",
      "dependencies": {
        "atomic-sleep": "^1.0.0",
        "on-exit-leak-free": "^2.1.0",
        "pino-abstract-transport": "^2.0.0",
        "pino-std-serializers": "^7.0.0",
        "process-warning": "^5.0.0",
        "quick-format-unescaped": "^4.0.3",
        "real-require": "^0.2.0",
        "safe-stable-stringify": "^2.3.1",
        "slow-redact": "^0.3.0",
        "sonic-boom": "^4.0.1",
        "thread-stream": "^3.0.0"
      },
      "bin": {
        "pino": "bin.js"
      }
    },
    "node_modules/pino-abstract-transport": {
      "version": "2.0.0",
      "resolved": "https://registry.npmjs.org/pino-abstract-transport/-/pino-abstract-transport-2.0.0.tgz",
      "integrity": "sha512-F63x5tizV6WCh4R6RHyi2Ml+M70DNRXt/+HANowMflpgGFMAym/VKm6G7ZOQRjqN7XbGxK1Lg9t6ZrtzOaivMw==",
      "license": "MIT",
      "dependencies": {
        "split2": "^4.0.0"
      }
    },
    "node_modules/pino-pretty": {
      "version": "13.1.1",
      "resolved": "https://registry.npmjs.org/pino-pretty/-/pino-pretty-13.1.1.tgz",
      "integrity": "sha512-TNNEOg0eA0u+/WuqH0MH0Xui7uqVk9D74ESOpjtebSQYbNWJk/dIxCXIxFsNfeN53JmtWqYHP2OrIZjT/CBEnA==",
      "license": "MIT",
      "dependencies": {
        "colorette": "^2.0.7",
        "dateformat": "^4.6.3",
        "fast-copy": "^3.0.2",
        "fast-safe-stringify": "^2.1.1",
        "help-me": "^5.0.0",
        "joycon": "^3.1.1",
        "minimist": "^1.2.6",
        "on-exit-leak-free": "^2.1.0",
        "pino-abstract-transport": "^2.0.0",
        "pump": "^3.0.0",
        "secure-json-parse": "^4.0.0",
        "sonic-boom": "^4.0.1",
        "strip-json-comments": "^5.0.2"
      },
      "bin": {
        "pino-pretty": "bin.js"
      }
    },
    "node_modules/pino-std-serializers": {
      "version": "7.0.0",
      "resolved": "https://registry.npmjs.org/pino-std-serializers/-/pino-std-serializers-7.0.0.tgz",
      "integrity": "sha512-e906FRY0+tV27iq4juKzSYPbUj2do2X2JX4EzSca1631EB2QJQUqGbDuERal7LCtOpxl6x3+nvo9NPZcmjkiFA==",
      "license": "MIT"
    },
    "node_modules/process-warning": {
      "version": "5.0.0",
      "resolved": "https://registry.npmjs.org/process-warning/-/process-warning-5.0.0.tgz",
      "integrity": "sha512-a39t9ApHNx2L4+HBnQKqxxHNs1r7KF+Intd8Q/g1bUh6q0WIp9voPXJ/x0j+ZL45KF1pJd9+q2jLIRMfvEshkA==",
      "funding": [
        {
          "type": "github",
          "url": "https://github.com/sponsors/fastify"
        },
        {
          "type": "opencollective",
          "url": "https://opencollective.com/fastify"
        }
      ],
      "license": "MIT"
    },
    "node_modules/proxy-from-env": {
      "version": "1.1.0",
      "resolved": "https://registry.npmjs.org/proxy-from-env/-/proxy-from-env-1.1.0.tgz",
      "integrity": "sha512-D+zkORCbA9f1tdWRK0RaCR3GPv50cMxcrz4X8k5LTSUD1Dkw47mKJEZQNunItRTkWwgtaUSo1RVFRIG9ZXiFYg=="
    },
    "node_modules/pump": {
      "version": "3.0.2",
      "resolved": "https://registry.npmjs.org/pump/-/pump-3.0.2.tgz",
      "integrity": "sha512-tUPXtzlGM8FE3P0ZL6DVs/3P58k9nk8/jZeQCurTJylQA8qFYzHFfhBJkuqyE0FifOsQ0uKWekiZ5g8wtr28cw==",
      "license": "MIT",
      "dependencies": {
        "end-of-stream": "^1.1.0",
        "once": "^1.3.1"
      }
    },
    "node_modules/quick-format-unescaped": {
      "version": "4.0.4",
      "resolved": "https://registry.npmjs.org/quick-format-unescaped/-/quick-format-unescaped-4.0.4.tgz",
      "integrity": "sha512-tYC1Q1hgyRuHgloV/YXs2w15unPVh8qfu/qCTfhTYamaw7fyhumKa2yGpdSo87vY32rIclj+4fWYQXUMs9EHvg==",
      "license": "MIT"
    },
    "node_modules/reactive-poller": {
      "version": "4.1.3",
      "resolved": "https://registry.npmjs.org/reactive-poller/-/reactive-poller-4.1.3.tgz",
      "integrity": "sha512-dbnCVSf0EYO6Zg/YqyJXO2BIIC782s/7+Fh1fT+0dEaQ5VaVxvOp1HAfePlr0ZB4cQ1z2j7uAsF4UgVx0CZGSg==",
      "dependencies": {
        "@cdellacqua/signals": "^5.0.4",
        "@cdellacqua/sleep": "^6.0.1",
        "universal-stores": "^2.3.2"
      }
    },
    "node_modules/real-require": {
      "version": "0.2.0",
      "resolved": "https://registry.npmjs.org/real-require/-/real-require-0.2.0.tgz",
      "integrity": "sha512-57frrGM/OCTLqLOAh0mhVA9VBMHd+9U7Zb2THMGdBUoZVOtGbJzjxsYGDJ3A9AYYCP4hn6y1TVbaOfzWtm5GFg==",
      "license": "MIT",
      "engines": {
        "node": ">= 12.13.0"
      }
    },
    "node_modules/safe-compare": {
      "version": "1.1.4",
      "resolved": "https://registry.npmjs.org/safe-compare/-/safe-compare-1.1.4.tgz",
      "integrity": "sha512-b9wZ986HHCo/HbKrRpBJb2kqXMK9CEWIE1egeEvZsYn69ay3kdfl9nG3RyOcR+jInTDf7a86WQ1d4VJX7goSSQ==",
      "license": "MIT",
      "dependencies": {
        "buffer-alloc": "^1.2.0"
      }
    },
    "node_modules/safe-stable-stringify": {
      "version": "2.5.0",
      "resolved": "https://registry.npmjs.org/safe-stable-stringify/-/safe-stable-stringify-2.5.0.tgz",
      "integrity": "sha512-b3rppTKm9T+PsVCBEOUR46GWI7fdOs00VKZ1+9c1EWDaDMvjQc6tUwuFyIprgGgTcWoVHSKrU8H31ZHA2e0RHA==",
      "license": "MIT",
      "engines": {
        "node": ">=10"
      }
    },
    "node_modules/sandwich-stream": {
      "version": "2.0.2",
      "resolved": "https://registry.npmjs.org/sandwich-stream/-/sandwich-stream-2.0.2.tgz",
      "integrity": "sha512-jLYV0DORrzY3xaz/S9ydJL6Iz7essZeAfnAavsJ+zsJGZ1MOnsS52yRjU3uF3pJa/lla7+wisp//fxOwOH8SKQ==",
      "license": "Apache-2.0",
      "engines": {
        "node": ">= 0.10"
      }
    },
    "node_modules/secure-json-parse": {
      "version": "4.0.0",
      "resolved": "https://registry.npmjs.org/secure-json-parse/-/secure-json-parse-4.0.0.tgz",
      "integrity": "sha512-dxtLJO6sc35jWidmLxo7ij+Eg48PM/kleBsxpC8QJE0qJICe+KawkDQmvCMZUr9u7WKVHgMW6vy3fQ7zMiFZMA==",
      "funding": [
        {
          "type": "github",
          "url": "https://github.com/sponsors/fastify"
        },
        {
          "type": "opencollective",
          "url": "https://opencollective.com/fastify"
        }
      ],
      "license": "BSD-3-Clause"
    },
    "node_modules/slow-redact": {
      "version": "0.3.1",
      "resolved": "https://registry.npmjs.org/slow-redact/-/slow-redact-0.3.1.tgz",
      "integrity": "sha512-NvFvl1GuLZNW4U046Tfi8b26zXo8aBzgCAS2f7yVJR/fArN93mOqSA99cB9uITm92ajSz01bsu1K7SCVVjIMpQ==",
      "license": "MIT"
    },
    "node_modules/sonic-boom": {
      "version": "4.2.0",
      "resolved": "https://registry.npmjs.org/sonic-boom/-/sonic-boom-4.2.0.tgz",
      "integrity": "sha512-INb7TM37/mAcsGmc9hyyI6+QR3rR1zVRu36B0NeGXKnOOLiZOfER5SA+N7X7k3yUYRzLWafduTDvJAfDswwEww==",
      "license": "MIT",
      "dependencies": {
        "atomic-sleep": "^1.0.0"
      }
    },
    "node_modules/split2": {
      "version": "4.2.0",
      "resolved": "https://registry.npmjs.org/split2/-/split2-4.2.0.tgz",
      "integrity": "sha512-UcjcJOWknrNkF6PLX83qcHM6KHgVKNkV62Y8a5uYDVv9ydGQVwAHMKqHdJje1VTWpljG0WYpCDhrCdAOYH4TWg==",
      "license": "ISC",
      "engines": {
        "node": ">= 10.x"
      }
    },
    "node_modules/strip-json-comments": {
      "version": "5.0.3",
      "resolved": "https://registry.npmjs.org/strip-json-comments/-/strip-json-comments-5.0.3.tgz",
      "integrity": "sha512-1tB5mhVo7U+ETBKNf92xT4hrQa3pm0MZ0PQvuDnWgAAGHDsfp4lPSpiS6psrSiet87wyGPh9ft6wmhOMQ0hDiw==",
      "license": "MIT",
      "engines": {
        "node": ">=14.16"
      },
      "funding": {
        "url": "https://github.com/sponsors/sindresorhus"
      }
    },
    "node_modules/telegraf": {
      "version": "4.16.3",
      "resolved": "https://registry.npmjs.org/telegraf/-/telegraf-4.16.3.tgz",
      "integrity": "sha512-yjEu2NwkHlXu0OARWoNhJlIjX09dRktiMQFsM678BAH/PEPVwctzL67+tvXqLCRQQvm3SDtki2saGO9hLlz68w==",
      "license": "MIT",
      "dependencies": {
        "@telegraf/types": "^7.1.0",
        "abort-controller": "^3.0.0",
        "debug": "^4.3.4",
        "mri": "^1.2.0",
        "node-fetch": "^2.7.0",
        "p-timeout": "^4.1.0",
        "safe-compare": "^1.1.4",
        "sandwich-stream": "^2.0.2"
      },
      "bin": {
        "telegraf": "lib/cli.mjs"
      },
      "engines": {
        "node": "^12.20.0 || >=14.13.1"
      }
    },
    "node_modules/thread-stream": {
      "version": "3.1.0",
      "resolved": "https://registry.npmjs.org/thread-stream/-/thread-stream-3.1.0.tgz",
      "integrity": "sha512-OqyPZ9u96VohAyMfJykzmivOrY2wfMSf3C5TtFJVgN+Hm6aj+voFhlK+kZEIv2FBh1X6Xp3DlnCOfEQ3B2J86A==",
      "license": "MIT",
      "dependencies": {
        "real-require": "^0.2.0"
      }
    },
    "node_modules/tr46": {
      "version": "0.0.3",
      "resolved": "https://registry.npmjs.org/tr46/-/tr46-0.0.3.tgz",
      "integrity": "sha512-N3WMsuqV66lT30CrXNbEjx4GEwlow3v6rr4mCcv6prnfwhS01rkgyFdjPNBYd9br7LpXV1+Emh01fHnq2Gdgrw==",
      "license": "MIT"
    },
    "node_modules/ts-node": {
      "version": "10.9.2",
      "resolved": "https://registry.npmjs.org/ts-node/-/ts-node-10.9.2.tgz",
      "integrity": "sha512-f0FFpIdcHgn8zcPSbf1dRevwt047YMnaiJM3u2w2RewrB+fob/zePZcrOyQoLMMO7aBIddLcQIEK5dYjkLnGrQ==",
      "dev": true,
      "license": "MIT",
      "dependencies": {
        "@cspotcode/source-map-support": "^0.8.0",
        "@tsconfig/node10": "^1.0.7",
        "@tsconfig/node12": "^1.0.7",
        "@tsconfig/node14": "^1.0.0",
        "@tsconfig/node16": "^1.0.2",
        "acorn": "^8.4.1",
        "acorn-walk": "^8.1.1",
        "arg": "^4.1.0",
        "create-require": "^1.1.0",
        "diff": "^4.0.1",
        "make-error": "^1.1.1",
        "v8-compile-cache-lib": "^3.0.1",
        "yn": "3.1.1"
      },
      "bin": {
        "ts-node": "dist/bin.js",
        "ts-node-cwd": "dist/bin-cwd.js",
        "ts-node-esm": "dist/bin-esm.js",
        "ts-node-script": "dist/bin-script.js",
        "ts-node-transpile-only": "dist/bin-transpile.js",
        "ts-script": "dist/bin-script-deprecated.js"
      },
      "peerDependencies": {
        "@swc/core": ">=1.2.50",
        "@swc/wasm": ">=1.2.50",
        "@types/node": "*",
        "typescript": ">=2.7"
      },
      "peerDependenciesMeta": {
        "@swc/core": {
          "optional": true
        },
        "@swc/wasm": {
          "optional": true
        }
      }
    },
    "node_modules/tslib": {
      "version": "2.8.1",
      "resolved": "https://registry.npmjs.org/tslib/-/tslib-2.8.1.tgz",
      "integrity": "sha512-oJFu94HQb+KVduSUQL7wnpmqnfmLsOA/nAh6b6EH0wCEoK0/mPeXU6c3wKDV83MkOuHPRHtSXKKU99IBazS/2w==",
      "license": "0BSD"
    },
    "node_modules/typescript": {
      "version": "5.9.3",
      "resolved": "https://registry.npmjs.org/typescript/-/typescript-5.9.3.tgz",
      "integrity": "sha512-jl1vZzPDinLr9eUt3J/t7V6FgNEw9QjvBPdysz9KfQDD41fQrC2Y4vKQdiaUpFT4bXlb1RHhLpp8wtm6M5TgSw==",
      "dev": true,
      "license": "Apache-2.0",
      "bin": {
        "tsc": "bin/tsc",
        "tsserver": "bin/tsserver"
      },
      "engines": {
        "node": ">=14.17"
      }
    },
    "node_modules/undici-types": {
      "version": "7.13.0",
      "resolved": "https://registry.npmjs.org/undici-types/-/undici-types-7.13.0.tgz",
      "integrity": "sha512-Ov2Rr9Sx+fRgagJ5AX0qvItZG/JKKoBRAVITs1zk7IqZGTJUwgUr7qoYBpWwakpWilTZFM98rG/AFRocu10iIQ==",
      "license": "MIT"
    },
    "node_modules/universal-stores": {
      "version": "2.4.3",
      "resolved": "https://registry.npmjs.org/universal-stores/-/universal-stores-2.4.3.tgz",
      "integrity": "sha512-rP6+9ckwciRr1Enjx1yTz1Aqex+DLAq7bBXsn17J5yvue7jBrcLYoPQVxi2p824mlDFvBp/hXbunZ/APDJMwyg==",
      "dependencies": {
        "@cdellacqua/signals": "^5.0.4"
      }
    },
    "node_modules/uuid": {
      "version": "13.0.0",
      "resolved": "https://registry.npmjs.org/uuid/-/uuid-13.0.0.tgz",
      "integrity": "sha512-XQegIaBTVUjSHliKqcnFqYypAd4S+WCYt5NIeRs6w/UAry7z8Y9j5ZwRRL4kzq9U3sD6v+85er9FvkEaBpji2w==",
      "funding": [
        "https://github.com/sponsors/broofa",
        "https://github.com/sponsors/ctavan"
      ],
      "license": "MIT",
      "bin": {
        "uuid": "dist-node/bin/uuid"
      }
    },
    "node_modules/v8-compile-cache-lib": {
      "version": "3.0.1",
      "resolved": "https://registry.npmjs.org/v8-compile-cache-lib/-/v8-compile-cache-lib-3.0.1.tgz",
      "integrity": "sha512-wa7YjyUGfNZngI/vtK0UHAN+lgDCxBPCylVXGp0zu59Fz5aiGtNXaq3DhIov063MorB+VfufLh3JlF2KdTK3xg==",
      "dev": true,
      "license": "MIT"
    },
    "node_modules/webidl-conversions": {
      "version": "3.0.1",
      "resolved": "https://registry.npmjs.org/webidl-conversions/-/webidl-conversions-3.0.1.tgz",
      "integrity": "sha512-2JAn3z8AR6rjK8Sm8orRC0h/bcl/DqL7tRPdGZ4I1CjdF+EaMLmYxBHyXuKL849eucPFhvBoxMsflfOb8kxaeQ==",
      "license": "BSD-2-Clause"
    },
    "node_modules/whatwg-url": {
      "version": "5.0.0",
      "resolved": "https://registry.npmjs.org/whatwg-url/-/whatwg-url-5.0.0.tgz",
      "integrity": "sha512-saE57nupxk6v3HY35+jzBwYa0rKSy0XR8JSxZPwgLr7ys0IBzhGviA1/TUGJLmSVqs8pb9AnvICXEuOHLprYTw==",
      "license": "MIT",
      "dependencies": {
        "tr46": "~0.0.3",
        "webidl-conversions": "^3.0.0"
      }
    },
    "node_modules/wrappy": {
      "version": "1.0.2",
      "resolved": "https://registry.npmjs.org/wrappy/-/wrappy-1.0.2.tgz",
      "integrity": "sha512-l4Sp/DRseor9wL6EvV2+TuQn63dMkPjZ/sp9XkghTEbV9KlPS1xUsZ3u7/IQO4wxtcFB4bgpQPRcR3QCvezPcQ==",
      "license": "ISC"
    },
    "node_modules/yaml": {
      "version": "2.8.1",
      "resolved": "https://registry.npmjs.org/yaml/-/yaml-2.8.1.tgz",
      "integrity": "sha512-lcYcMxX2PO9XMGvAJkJ3OsNMw+/7FKes7/hgerGUYWIoWu5j/+YQqcZr5JnPZWzOsEBgMbSbiSTn/dv/69Mkpw==",
      "license": "ISC",
      "bin": {
        "yaml": "bin.mjs"
      },
      "engines": {
        "node": ">= 14.6"
      }
    },
    "node_modules/yn": {
      "version": "3.1.1",
      "resolved": "https://registry.npmjs.org/yn/-/yn-3.1.1.tgz",
      "integrity": "sha512-Ux4ygGWsu2c7isFWe8Yu1YluJmqVhxqK2cLXNQA5AcC3QfbGNpM7fu0Y8b/z16pXLnFxZYvWhd3fhBY9DLmC6Q==",
      "dev": true,
      "license": "MIT",
      "engines": {
        "node": ">=6"
      }
    }
  }
}
